
Microsoft Visual Studio Solution File, Format Version 12.00
# Visual Studio Version 17
VisualStudioVersion = 17.8.34511.84
MinimumVisualStudioVersion = 10.0.40219.1
Project("{FAE04EC0-301F-11D3-BF4B-00C04F79EFBC}") = "PasteBin.Core", "PasteBin.Core\PasteBin.Core.csproj", "{D0602C1D-D645-40C7-A63A-EDBA2DF42764}"
EndProject
Global
	GlobalSection(SolutionConfigurationPlatforms) = preSolution
		Debug|Any CPU = Debug|Any CPU
		Release|Any CPU = Release|Any CPU
	EndGlobalSection
	GlobalSection(ProjectConfigurationPlatforms) = postSolution
		{D0602C1D-D645-40C7-A63A-EDBA2DF42764}.Debug|Any CPU.ActiveCfg = Debug|Any CPU
		{D0602C1D-D645-40C7-A63A-EDBA2DF42764}.Debug|Any CPU.Build.0 = Debug|Any CPU
		{D0602C1D-D645-40C7-A63A-EDBA2DF42764}.Release|Any CPU.ActiveCfg = Release|Any CPU
		{D0602C1D-D645-40C7-A63A-EDBA2DF42764}.Release|Any CPU.Build.0 = Release|Any CPU
	EndGlobalSection
	GlobalSection(SolutionProperties) = preSolution
		HideSolutionNode = FALSE
	EndGlobalSection
	GlobalSection(ExtensibilityGlobals) = postSolution
		SolutionGuid = {E0DE5185-8655-462C-9F77-2200F8C7A1A6}
	EndGlobalSection
EndGlobal
